
Microsoft Visual Studio Solution File, Format Version 12.00
Project("{FAE04EC0-301F-11D3-BF4B-00C04F79EFBC}") = "Measurement", "Measurement\Measurement.csproj", "{8AB4C52C-80AA-4498-B664-075D07B40E09}"
EndProject
Project("{FAE04EC0-301F-11D3-BF4B-00C04F79EFBC}") = "Measurement.Test", "Measurement.Test\Measurement.Test.csproj", "{23004954-8A98-48BD-A862-D893C3D9A983}"
EndProject
Project("{FAE04EC0-301F-11D3-BF4B-00C04F79EFBC}") = "DimensionedExpression", "DimensionedExpression\DimensionedExpression.csproj", "{AD0DB48B-98F7-45EC-83CD-61E5D2A4C43F}"
EndProject
Project("{FAE04EC0-301F-11D3-BF4B-00C04F79EFBC}") = "Calcusystem.Serialization", "Calcusystem.Serialization\Calcusystem.Serialization.csproj", "{8213B9E9-E0F0-4F6F-BEBD-4683EDD8ACD8}"
EndProject
Project("{FAE04EC0-301F-11D3-BF4B-00C04F79EFBC}") = "DimensionedExpression.Test", "DimensionedExpression.Test\DimensionedExpression.Test.csproj", "{5E13E752-1774-40C4-B9EB-36CFA6074116}"
EndProject
Project("{FAE04EC0-301F-11D3-BF4B-00C04F79EFBC}") = "Calcusystem.Serialization.Test", "Calcusystem.Serialization.Test\Calcusystem.Serialization.Test.csproj", "{C81395C1-A06A-43AD-A356-8ECAD5E54E57}"
EndProject
Project("{FAE04EC0-301F-11D3-BF4B-00C04F79EFBC}") = "Calcusystem.Core", "Calcusystem.Core\Calcusystem.Core.csproj", "{BC3C8DF0-A310-4EAA-BD91-B569881637E7}"
EndProject
Project("{FAE04EC0-301F-11D3-BF4B-00C04F79EFBC}") = "Calcusystem.Analysis", "Calcusystem.Analysis\Calcusystem.Analysis.csproj", "{C037BC26-EBF4-4A4D-8E83-CE5603D6BA92}"
EndProject
Project("{FAE04EC0-301F-11D3-BF4B-00C04F79EFBC}") = "Calcusystem.Analysis.Test", "Calcusystem.Analysis.Test\Calcusystem.Analysis.Test.csproj", "{A285BA6D-9EF9-41A5-9C8C-5BF9C388BB0E}"
EndProject
Global
	GlobalSection(SolutionConfigurationPlatforms) = preSolution
		Debug|Any CPU = Debug|Any CPU
		Debug|x64 = Debug|x64
		Debug|x86 = Debug|x86
		Release|Any CPU = Release|Any CPU
		Release|x64 = Release|x64
		Release|x86 = Release|x86
	EndGlobalSection
	GlobalSection(ProjectConfigurationPlatforms) = postSolution
		{8AB4C52C-80AA-4498-B664-075D07B40E09}.Debug|Any CPU.ActiveCfg = Debug|Any CPU
		{8AB4C52C-80AA-4498-B664-075D07B40E09}.Debug|Any CPU.Build.0 = Debug|Any CPU
		{8AB4C52C-80AA-4498-B664-075D07B40E09}.Debug|x64.ActiveCfg = Debug|Any CPU
		{8AB4C52C-80AA-4498-B664-075D07B40E09}.Debug|x64.Build.0 = Debug|Any CPU
		{8AB4C52C-80AA-4498-B664-075D07B40E09}.Debug|x86.ActiveCfg = Debug|Any CPU
		{8AB4C52C-80AA-4498-B664-075D07B40E09}.Debug|x86.Build.0 = Debug|Any CPU
		{8AB4C52C-80AA-4498-B664-075D07B40E09}.Release|Any CPU.ActiveCfg = Release|Any CPU
		{8AB4C52C-80AA-4498-B664-075D07B40E09}.Release|Any CPU.Build.0 = Release|Any CPU
		{8AB4C52C-80AA-4498-B664-075D07B40E09}.Release|x64.ActiveCfg = Release|Any CPU
		{8AB4C52C-80AA-4498-B664-075D07B40E09}.Release|x64.Build.0 = Release|Any CPU
		{8AB4C52C-80AA-4498-B664-075D07B40E09}.Release|x86.ActiveCfg = Release|Any CPU
		{8AB4C52C-80AA-4498-B664-075D07B40E09}.Release|x86.Build.0 = Release|Any CPU
		{23004954-8A98-48BD-A862-D893C3D9A983}.Debug|Any CPU.ActiveCfg = Debug|Any CPU
		{23004954-8A98-48BD-A862-D893C3D9A983}.Debug|Any CPU.Build.0 = Debug|Any CPU
		{23004954-8A98-48BD-A862-D893C3D9A983}.Debug|x64.ActiveCfg = Debug|Any CPU
		{23004954-8A98-48BD-A862-D893C3D9A983}.Debug|x64.Build.0 = Debug|Any CPU
		{23004954-8A98-48BD-A862-D893C3D9A983}.Debug|x86.ActiveCfg = Debug|Any CPU
		{23004954-8A98-48BD-A862-D893C3D9A983}.Debug|x86.Build.0 = Debug|Any CPU
		{23004954-8A98-48BD-A862-D893C3D9A983}.Release|Any CPU.ActiveCfg = Release|Any CPU
		{23004954-8A98-48BD-A862-D893C3D9A983}.Release|Any CPU.Build.0 = Release|Any CPU
		{23004954-8A98-48BD-A862-D893C3D9A983}.Release|x64.ActiveCfg = Release|Any CPU
		{23004954-8A98-48BD-A862-D893C3D9A983}.Release|x64.Build.0 = Release|Any CPU
		{23004954-8A98-48BD-A862-D893C3D9A983}.Release|x86.ActiveCfg = Release|Any CPU
		{23004954-8A98-48BD-A862-D893C3D9A983}.Release|x86.Build.0 = Release|Any CPU
		{AD0DB48B-98F7-45EC-83CD-61E5D2A4C43F}.Debug|Any CPU.ActiveCfg = Debug|Any CPU
		{AD0DB48B-98F7-45EC-83CD-61E5D2A4C43F}.Debug|Any CPU.Build.0 = Debug|Any CPU
		{AD0DB48B-98F7-45EC-83CD-61E5D2A4C43F}.Debug|x64.ActiveCfg = Debug|Any CPU
		{AD0DB48B-98F7-45EC-83CD-61E5D2A4C43F}.Debug|x64.Build.0 = Debug|Any CPU
		{AD0DB48B-98F7-45EC-83CD-61E5D2A4C43F}.Debug|x86.ActiveCfg = Debug|Any CPU
		{AD0DB48B-98F7-45EC-83CD-61E5D2A4C43F}.Debug|x86.Build.0 = Debug|Any CPU
		{AD0DB48B-98F7-45EC-83CD-61E5D2A4C43F}.Release|Any CPU.ActiveCfg = Release|Any CPU
		{AD0DB48B-98F7-45EC-83CD-61E5D2A4C43F}.Release|Any CPU.Build.0 = Release|Any CPU
		{AD0DB48B-98F7-45EC-83CD-61E5D2A4C43F}.Release|x64.ActiveCfg = Release|Any CPU
		{AD0DB48B-98F7-45EC-83CD-61E5D2A4C43F}.Release|x64.Build.0 = Release|Any CPU
		{AD0DB48B-98F7-45EC-83CD-61E5D2A4C43F}.Release|x86.ActiveCfg = Release|Any CPU
		{AD0DB48B-98F7-45EC-83CD-61E5D2A4C43F}.Release|x86.Build.0 = Release|Any CPU
		{8213B9E9-E0F0-4F6F-BEBD-4683EDD8ACD8}.Debug|Any CPU.ActiveCfg = Debug|Any CPU
		{8213B9E9-E0F0-4F6F-BEBD-4683EDD8ACD8}.Debug|Any CPU.Build.0 = Debug|Any CPU
		{8213B9E9-E0F0-4F6F-BEBD-4683EDD8ACD8}.Debug|x64.ActiveCfg = Debug|Any CPU
		{8213B9E9-E0F0-4F6F-BEBD-4683EDD8ACD8}.Debug|x64.Build.0 = Debug|Any CPU
		{8213B9E9-E0F0-4F6F-BEBD-4683EDD8ACD8}.Debug|x86.ActiveCfg = Debug|Any CPU
		{8213B9E9-E0F0-4F6F-BEBD-4683EDD8ACD8}.Debug|x86.Build.0 = Debug|Any CPU
		{8213B9E9-E0F0-4F6F-BEBD-4683EDD8ACD8}.Release|Any CPU.ActiveCfg = Release|Any CPU
		{8213B9E9-E0F0-4F6F-BEBD-4683EDD8ACD8}.Release|Any CPU.Build.0 = Release|Any CPU
		{8213B9E9-E0F0-4F6F-BEBD-4683EDD8ACD8}.Release|x64.ActiveCfg = Release|Any CPU
		{8213B9E9-E0F0-4F6F-BEBD-4683EDD8ACD8}.Release|x64.Build.0 = Release|Any CPU
		{8213B9E9-E0F0-4F6F-BEBD-4683EDD8ACD8}.Release|x86.ActiveCfg = Release|Any CPU
		{8213B9E9-E0F0-4F6F-BEBD-4683EDD8ACD8}.Release|x86.Build.0 = Release|Any CPU
		{5E13E752-1774-40C4-B9EB-36CFA6074116}.Debug|Any CPU.ActiveCfg = Debug|Any CPU
		{5E13E752-1774-40C4-B9EB-36CFA6074116}.Debug|Any CPU.Build.0 = Debug|Any CPU
		{5E13E752-1774-40C4-B9EB-36CFA6074116}.Debug|x64.ActiveCfg = Debug|Any CPU
		{5E13E752-1774-40C4-B9EB-36CFA6074116}.Debug|x64.Build.0 = Debug|Any CPU
		{5E13E752-1774-40C4-B9EB-36CFA6074116}.Debug|x86.ActiveCfg = Debug|Any CPU
		{5E13E752-1774-40C4-B9EB-36CFA6074116}.Debug|x86.Build.0 = Debug|Any CPU
		{5E13E752-1774-40C4-B9EB-36CFA6074116}.Release|Any CPU.ActiveCfg = Release|Any CPU
		{5E13E752-1774-40C4-B9EB-36CFA6074116}.Release|Any CPU.Build.0 = Release|Any CPU
		{5E13E752-1774-40C4-B9EB-36CFA6074116}.Release|x64.ActiveCfg = Release|Any CPU
		{5E13E752-1774-40C4-B9EB-36CFA6074116}.Release|x64.Build.0 = Release|Any CPU
		{5E13E752-1774-40C4-B9EB-36CFA6074116}.Release|x86.ActiveCfg = Release|Any CPU
		{5E13E752-1774-40C4-B9EB-36CFA6074116}.Release|x86.Build.0 = Release|Any CPU
		{C81395C1-A06A-43AD-A356-8ECAD5E54E57}.Debug|Any CPU.ActiveCfg = Debug|Any CPU
		{C81395C1-A06A-43AD-A356-8ECAD5E54E57}.Debug|Any CPU.Build.0 = Debug|Any CPU
		{C81395C1-A06A-43AD-A356-8ECAD5E54E57}.Debug|x64.ActiveCfg = Debug|Any CPU
		{C81395C1-A06A-43AD-A356-8ECAD5E54E57}.Debug|x64.Build.0 = Debug|Any CPU
		{C81395C1-A06A-43AD-A356-8ECAD5E54E57}.Debug|x86.ActiveCfg = Debug|Any CPU
		{C81395C1-A06A-43AD-A356-8ECAD5E54E57}.Debug|x86.Build.0 = Debug|Any CPU
		{C81395C1-A06A-43AD-A356-8ECAD5E54E57}.Release|Any CPU.ActiveCfg = Release|Any CPU
		{C81395C1-A06A-43AD-A356-8ECAD5E54E57}.Release|Any CPU.Build.0 = Release|Any CPU
		{C81395C1-A06A-43AD-A356-8ECAD5E54E57}.Release|x64.ActiveCfg = Release|Any CPU
		{C81395C1-A06A-43AD-A356-8ECAD5E54E57}.Release|x64.Build.0 = Release|Any CPU
		{C81395C1-A06A-43AD-A356-8ECAD5E54E57}.Release|x86.ActiveCfg = Release|Any CPU
		{C81395C1-A06A-43AD-A356-8ECAD5E54E57}.Release|x86.Build.0 = Release|Any CPU
		{BC3C8DF0-A310-4EAA-BD91-B569881637E7}.Debug|Any CPU.ActiveCfg = Debug|Any CPU
		{BC3C8DF0-A310-4EAA-BD91-B569881637E7}.Debug|Any CPU.Build.0 = Debug|Any CPU
		{BC3C8DF0-A310-4EAA-BD91-B569881637E7}.Debug|x64.ActiveCfg = Debug|Any CPU
		{BC3C8DF0-A310-4EAA-BD91-B569881637E7}.Debug|x64.Build.0 = Debug|Any CPU
		{BC3C8DF0-A310-4EAA-BD91-B569881637E7}.Debug|x86.ActiveCfg = Debug|Any CPU
		{BC3C8DF0-A310-4EAA-BD91-B569881637E7}.Debug|x86.Build.0 = Debug|Any CPU
		{BC3C8DF0-A310-4EAA-BD91-B569881637E7}.Release|Any CPU.ActiveCfg = Release|Any CPU
		{BC3C8DF0-A310-4EAA-BD91-B569881637E7}.Release|Any CPU.Build.0 = Release|Any CPU
		{BC3C8DF0-A310-4EAA-BD91-B569881637E7}.Release|x64.ActiveCfg = Release|Any CPU
		{BC3C8DF0-A310-4EAA-BD91-B569881637E7}.Release|x64.Build.0 = Release|Any CPU
		{BC3C8DF0-A310-4EAA-BD91-B569881637E7}.Release|x86.ActiveCfg = Release|Any CPU
		{BC3C8DF0-A310-4EAA-BD91-B569881637E7}.Release|x86.Build.0 = Release|Any CPU
		{C037BC26-EBF4-4A4D-8E83-CE5603D6BA92}.Debug|Any CPU.ActiveCfg = Debug|Any CPU
		{C037BC26-EBF4-4A4D-8E83-CE5603D6BA92}.Debug|Any CPU.Build.0 = Debug|Any CPU
		{C037BC26-EBF4-4A4D-8E83-CE5603D6BA92}.Debug|x64.ActiveCfg = Debug|Any CPU
		{C037BC26-EBF4-4A4D-8E83-CE5603D6BA92}.Debug|x64.Build.0 = Debug|Any CPU
		{C037BC26-EBF4-4A4D-8E83-CE5603D6BA92}.Debug|x86.ActiveCfg = Debug|Any CPU
		{C037BC26-EBF4-4A4D-8E83-CE5603D6BA92}.Debug|x86.Build.0 = Debug|Any CPU
		{C037BC26-EBF4-4A4D-8E83-CE5603D6BA92}.Release|Any CPU.ActiveCfg = Release|Any CPU
		{C037BC26-EBF4-4A4D-8E83-CE5603D6BA92}.Release|Any CPU.Build.0 = Release|Any CPU
		{C037BC26-EBF4-4A4D-8E83-CE5603D6BA92}.Release|x64.ActiveCfg = Release|Any CPU
		{C037BC26-EBF4-4A4D-8E83-CE5603D6BA92}.Release|x64.Build.0 = Release|Any CPU
		{C037BC26-EBF4-4A4D-8E83-CE5603D6BA92}.Release|x86.ActiveCfg = Release|Any CPU
		{C037BC26-EBF4-4A4D-8E83-CE5603D6BA92}.Release|x86.Build.0 = Release|Any CPU
		{A285BA6D-9EF9-41A5-9C8C-5BF9C388BB0E}.Debug|Any CPU.ActiveCfg = Debug|Any CPU
		{A285BA6D-9EF9-41A5-9C8C-5BF9C388BB0E}.Debug|Any CPU.Build.0 = Debug|Any CPU
		{A285BA6D-9EF9-41A5-9C8C-5BF9C388BB0E}.Debug|x64.ActiveCfg = Debug|Any CPU
		{A285BA6D-9EF9-41A5-9C8C-5BF9C388BB0E}.Debug|x64.Build.0 = Debug|Any CPU
		{A285BA6D-9EF9-41A5-9C8C-5BF9C388BB0E}.Debug|x86.ActiveCfg = Debug|Any CPU
		{A285BA6D-9EF9-41A5-9C8C-5BF9C388BB0E}.Debug|x86.Build.0 = Debug|Any CPU
		{A285BA6D-9EF9-41A5-9C8C-5BF9C388BB0E}.Release|Any CPU.ActiveCfg = Release|Any CPU
		{A285BA6D-9EF9-41A5-9C8C-5BF9C388BB0E}.Release|Any CPU.Build.0 = Release|Any CPU
		{A285BA6D-9EF9-41A5-9C8C-5BF9C388BB0E}.Release|x64.ActiveCfg = Release|Any CPU
		{A285BA6D-9EF9-41A5-9C8C-5BF9C388BB0E}.Release|x64.Build.0 = Release|Any CPU
		{A285BA6D-9EF9-41A5-9C8C-5BF9C388BB0E}.Release|x86.ActiveCfg = Release|Any CPU
		{A285BA6D-9EF9-41A5-9C8C-5BF9C388BB0E}.Release|x86.Build.0 = Release|Any CPU
	EndGlobalSection
	GlobalSection(SolutionProperties) = preSolution
		HideSolutionNode = FALSE
	EndGlobalSection
EndGlobal
